// !$*UTF8*$!
{
	archiveVersion = 1;
	classes = {
	};
	objectVersion = 48;
	objects = {

/* Begin PBXBuildFile section */
		1758ED3C21303D0A00618E51 /* Constants.swift in Sources */ = {isa = PBXBuildFile; fileRef = 1758ED3B21303D0A00618E51 /* Constants.swift */; };
		17E9EDBF212FD9E7007D56CB /* AppDelegate.swift in Sources */ = {isa = PBXBuildFile; fileRef = 17E9EDBE212FD9E7007D56CB /* AppDelegate.swift */; };
		17E9EDC1212FD9E7007D56CB /* HomeTabBarController.swift in Sources */ = {isa = PBXBuildFile; fileRef = 17E9EDC0212FD9E7007D56CB /* HomeTabBarController.swift */; };
		17E9EDC4212FD9E7007D56CB /* HomeViewController.storyboard in Resources */ = {isa = PBXBuildFile; fileRef = 17E9EDC2212FD9E7007D56CB /* HomeViewController.storyboard */; };
		17E9EDC6212FD9E7007D56CB /* Assets.xcassets in Resources */ = {isa = PBXBuildFile; fileRef = 17E9EDC5212FD9E7007D56CB /* Assets.xcassets */; };
		17E9EDC9212FD9E7007D56CB /* LaunchScreen.storyboard in Resources */ = {isa = PBXBuildFile; fileRef = 17E9EDC7212FD9E7007D56CB /* LaunchScreen.storyboard */; };
		17E9EDD4212FD9E8007D56CB /* NeverNoteTests.swift in Sources */ = {isa = PBXBuildFile; fileRef = 17E9EDD3212FD9E8007D56CB /* NeverNoteTests.swift */; };
		17E9EDDF212FD9E8007D56CB /* NeverNoteUITests.swift in Sources */ = {isa = PBXBuildFile; fileRef = 17E9EDDE212FD9E8007D56CB /* NeverNoteUITests.swift */; };
		17EDBDB021314D92002B17F5 /* TrashViewController.storyboard in Resources */ = {isa = PBXBuildFile; fileRef = 17EDBDAF21314D92002B17F5 /* TrashViewController.storyboard */; };
		17EDBDB421314E33002B17F5 /* TrashViewController.swift in Sources */ = {isa = PBXBuildFile; fileRef = 17EDBDB321314E33002B17F5 /* TrashViewController.swift */; };
		17EDBDB721314E85002B17F5 /* SettingsViewController.storyboard in Resources */ = {isa = PBXBuildFile; fileRef = 17EDBDB621314E85002B17F5 /* SettingsViewController.storyboard */; };
		17EDBDB921314EFE002B17F5 /* SettingsViewController.swift in Sources */ = {isa = PBXBuildFile; fileRef = 17EDBDB821314EFE002B17F5 /* SettingsViewController.swift */; };
		48695095212FFF2A00DED227 /* AddScreenViewController.storyboard in Resources */ = {isa = PBXBuildFile; fileRef = 48695094212FFF2A00DED227 /* AddScreenViewController.storyboard */; };
		48695097212FFFD800DED227 /* AddScreenViewController.swift in Sources */ = {isa = PBXBuildFile; fileRef = 48695096212FFFD800DED227 /* AddScreenViewController.swift */; };
		486950A02130266800DED227 /* UIStoryboard.swift in Sources */ = {isa = PBXBuildFile; fileRef = 4869509F2130266800DED227 /* UIStoryboard.swift */; };
		486950A22130279300DED227 /* UIViewController.swift in Sources */ = {isa = PBXBuildFile; fileRef = 486950A12130279300DED227 /* UIViewController.swift */; };
		486950A621303CC200DED227 /* NotesViewController.swift in Sources */ = {isa = PBXBuildFile; fileRef = 486950A521303CC200DED227 /* NotesViewController.swift */; };
		486950A821303CEB00DED227 /* NotesViewController.storyboard in Resources */ = {isa = PBXBuildFile; fileRef = 486950A721303CEB00DED227 /* NotesViewController.storyboard */; };
		486950AA21303D0500DED227 /* CompletedTasksViewController.storyboard in Resources */ = {isa = PBXBuildFile; fileRef = 486950A921303D0500DED227 /* CompletedTasksViewController.storyboard */; };
		486950AC21303D1800DED227 /* CompletedTasksViewController.swift in Sources */ = {isa = PBXBuildFile; fileRef = 486950AB21303D1800DED227 /* CompletedTasksViewController.swift */; };
		486BF2762134329700363775 /* NotesNavigationController.swift in Sources */ = {isa = PBXBuildFile; fileRef = 486BF2752134329700363775 /* NotesNavigationController.swift */; };
		486BF2782134350A00363775 /* NotesNavigationController.storyboard in Resources */ = {isa = PBXBuildFile; fileRef = 486BF2772134350A00363775 /* NotesNavigationController.storyboard */; };
/* End PBXBuildFile section */

/* Begin PBXContainerItemProxy section */
		17E9EDD0212FD9E8007D56CB /* PBXContainerItemProxy */ = {
			isa = PBXContainerItemProxy;
			containerPortal = 17E9EDB3212FD9E7007D56CB /* Project object */;
			proxyType = 1;
			remoteGlobalIDString = 17E9EDBA212FD9E7007D56CB;
			remoteInfo = NeverNote;
		};
		17E9EDDB212FD9E8007D56CB /* PBXContainerItemProxy */ = {
			isa = PBXContainerItemProxy;
			containerPortal = 17E9EDB3212FD9E7007D56CB /* Project object */;
			proxyType = 1;
			remoteGlobalIDString = 17E9EDBA212FD9E7007D56CB;
			remoteInfo = NeverNote;
		};
/* End PBXContainerItemProxy section */

/* Begin PBXFileReference section */
		1758ED3B21303D0A00618E51 /* Constants.swift */ = {isa = PBXFileReference; lastKnownFileType = sourcecode.swift; path = Constants.swift; sourceTree = "<group>"; };
		17E9EDBB212FD9E7007D56CB /* NeverNote.app */ = {isa = PBXFileReference; explicitFileType = wrapper.application; includeInIndex = 0; path = NeverNote.app; sourceTree = BUILT_PRODUCTS_DIR; };
		17E9EDBE212FD9E7007D56CB /* AppDelegate.swift */ = {isa = PBXFileReference; lastKnownFileType = sourcecode.swift; path = AppDelegate.swift; sourceTree = "<group>"; };
		17E9EDC0212FD9E7007D56CB /* HomeTabBarController.swift */ = {isa = PBXFileReference; lastKnownFileType = sourcecode.swift; path = HomeTabBarController.swift; sourceTree = "<group>"; };
		17E9EDC3212FD9E7007D56CB /* Base */ = {isa = PBXFileReference; lastKnownFileType = file.storyboard; name = Base; path = Base.lproj/HomeViewController.storyboard; sourceTree = "<group>"; };
		17E9EDC5212FD9E7007D56CB /* Assets.xcassets */ = {isa = PBXFileReference; lastKnownFileType = folder.assetcatalog; path = Assets.xcassets; sourceTree = "<group>"; };
		17E9EDC8212FD9E7007D56CB /* Base */ = {isa = PBXFileReference; lastKnownFileType = file.storyboard; name = Base; path = Base.lproj/LaunchScreen.storyboard; sourceTree = "<group>"; };
		17E9EDCA212FD9E7007D56CB /* Info.plist */ = {isa = PBXFileReference; lastKnownFileType = text.plist.xml; path = Info.plist; sourceTree = "<group>"; };
		17E9EDCF212FD9E8007D56CB /* NeverNoteTests.xctest */ = {isa = PBXFileReference; explicitFileType = wrapper.cfbundle; includeInIndex = 0; path = NeverNoteTests.xctest; sourceTree = BUILT_PRODUCTS_DIR; };
		17E9EDD3212FD9E8007D56CB /* NeverNoteTests.swift */ = {isa = PBXFileReference; lastKnownFileType = sourcecode.swift; path = NeverNoteTests.swift; sourceTree = "<group>"; };
		17E9EDD5212FD9E8007D56CB /* Info.plist */ = {isa = PBXFileReference; lastKnownFileType = text.plist.xml; path = Info.plist; sourceTree = "<group>"; };
		17E9EDDA212FD9E8007D56CB /* NeverNoteUITests.xctest */ = {isa = PBXFileReference; explicitFileType = wrapper.cfbundle; includeInIndex = 0; path = NeverNoteUITests.xctest; sourceTree = BUILT_PRODUCTS_DIR; };
		17E9EDDE212FD9E8007D56CB /* NeverNoteUITests.swift */ = {isa = PBXFileReference; lastKnownFileType = sourcecode.swift; path = NeverNoteUITests.swift; sourceTree = "<group>"; };
		17E9EDE0212FD9E8007D56CB /* Info.plist */ = {isa = PBXFileReference; lastKnownFileType = text.plist.xml; path = Info.plist; sourceTree = "<group>"; };
		17EDBDAF21314D92002B17F5 /* TrashViewController.storyboard */ = {isa = PBXFileReference; lastKnownFileType = file.storyboard; path = TrashViewController.storyboard; sourceTree = "<group>"; };
		17EDBDB321314E33002B17F5 /* TrashViewController.swift */ = {isa = PBXFileReference; lastKnownFileType = sourcecode.swift; path = TrashViewController.swift; sourceTree = "<group>"; };
		17EDBDB621314E85002B17F5 /* SettingsViewController.storyboard */ = {isa = PBXFileReference; lastKnownFileType = file.storyboard; path = SettingsViewController.storyboard; sourceTree = "<group>"; };
		17EDBDB821314EFE002B17F5 /* SettingsViewController.swift */ = {isa = PBXFileReference; lastKnownFileType = sourcecode.swift; path = SettingsViewController.swift; sourceTree = "<group>"; };
		48695094212FFF2A00DED227 /* AddScreenViewController.storyboard */ = {isa = PBXFileReference; lastKnownFileType = file.storyboard; path = AddScreenViewController.storyboard; sourceTree = "<group>"; };
		48695096212FFFD800DED227 /* AddScreenViewController.swift */ = {isa = PBXFileReference; lastKnownFileType = sourcecode.swift; path = AddScreenViewController.swift; sourceTree = "<group>"; };
		4869509F2130266800DED227 /* UIStoryboard.swift */ = {isa = PBXFileReference; lastKnownFileType = sourcecode.swift; path = UIStoryboard.swift; sourceTree = "<group>"; };
		486950A12130279300DED227 /* UIViewController.swift */ = {isa = PBXFileReference; lastKnownFileType = sourcecode.swift; path = UIViewController.swift; sourceTree = "<group>"; };
		486950A521303CC200DED227 /* NotesViewController.swift */ = {isa = PBXFileReference; lastKnownFileType = sourcecode.swift; path = NotesViewController.swift; sourceTree = "<group>"; };
		486950A721303CEB00DED227 /* NotesViewController.storyboard */ = {isa = PBXFileReference; lastKnownFileType = file.storyboard; path = NotesViewController.storyboard; sourceTree = "<group>"; };
		486950A921303D0500DED227 /* CompletedTasksViewController.storyboard */ = {isa = PBXFileReference; lastKnownFileType = file.storyboard; path = CompletedTasksViewController.storyboard; sourceTree = "<group>"; };
		486950AB21303D1800DED227 /* CompletedTasksViewController.swift */ = {isa = PBXFileReference; lastKnownFileType = sourcecode.swift; path = CompletedTasksViewController.swift; sourceTree = "<group>"; };
		486BF2752134329700363775 /* NotesNavigationController.swift */ = {isa = PBXFileReference; lastKnownFileType = sourcecode.swift; path = NotesNavigationController.swift; sourceTree = "<group>"; };
		486BF2772134350A00363775 /* NotesNavigationController.storyboard */ = {isa = PBXFileReference; lastKnownFileType = file.storyboard; path = NotesNavigationController.storyboard; sourceTree = "<group>"; };
/* End PBXFileReference section */

/* Begin PBXFrameworksBuildPhase section */
		17E9EDB8212FD9E7007D56CB /* Frameworks */ = {
			isa = PBXFrameworksBuildPhase;
			buildActionMask = 2147483647;
			files = (
			);
			runOnlyForDeploymentPostprocessing = 0;
		};
		17E9EDCC212FD9E8007D56CB /* Frameworks */ = {
			isa = PBXFrameworksBuildPhase;
			buildActionMask = 2147483647;
			files = (
			);
			runOnlyForDeploymentPostprocessing = 0;
		};
		17E9EDD7212FD9E8007D56CB /* Frameworks */ = {
			isa = PBXFrameworksBuildPhase;
			buildActionMask = 2147483647;
			files = (
			);
			runOnlyForDeploymentPostprocessing = 0;
		};
/* End PBXFrameworksBuildPhase section */

/* Begin PBXGroup section */
		17E9EDB2212FD9E7007D56CB = {
			isa = PBXGroup;
			children = (
				17E9EDBD212FD9E7007D56CB /* NeverNote */,
				17E9EDD2212FD9E8007D56CB /* NeverNoteTests */,
				17E9EDDD212FD9E8007D56CB /* NeverNoteUITests */,
				17E9EDBC212FD9E7007D56CB /* Products */,
			);
			sourceTree = "<group>";
		};
		17E9EDBC212FD9E7007D56CB /* Products */ = {
			isa = PBXGroup;
			children = (
				17E9EDBB212FD9E7007D56CB /* NeverNote.app */,
				17E9EDCF212FD9E8007D56CB /* NeverNoteTests.xctest */,
				17E9EDDA212FD9E8007D56CB /* NeverNoteUITests.xctest */,
			);
			name = Products;
			sourceTree = "<group>";
		};
		17E9EDBD212FD9E7007D56CB /* NeverNote */ = {
			isa = PBXGroup;
			children = (
				4869509C2130260000DED227 /* Application */,
				4869509B213025F900DED227 /* Protocols */,
				4869509A213025E900DED227 /* Frameworks */,
				48695099213025DE00DED227 /* Extensions */,
				48695098213025D400DED227 /* ViewControllers */,
			);
			path = NeverNote;
			sourceTree = "<group>";
		};
		17E9EDD2212FD9E8007D56CB /* NeverNoteTests */ = {
			isa = PBXGroup;
			children = (
				17E9EDD3212FD9E8007D56CB /* NeverNoteTests.swift */,
				17E9EDD5212FD9E8007D56CB /* Info.plist */,
			);
			path = NeverNoteTests;
			sourceTree = "<group>";
		};
		17E9EDDD212FD9E8007D56CB /* NeverNoteUITests */ = {
			isa = PBXGroup;
			children = (
				17E9EDDE212FD9E8007D56CB /* NeverNoteUITests.swift */,
				17E9EDE0212FD9E8007D56CB /* Info.plist */,
			);
			path = NeverNoteUITests;
			sourceTree = "<group>";
		};
		17EDBDB121314DB0002B17F5 /* Trash */ = {
			isa = PBXGroup;
			children = (
				17EDBDAF21314D92002B17F5 /* TrashViewController.storyboard */,
				17EDBDB321314E33002B17F5 /* TrashViewController.swift */,
			);
			path = Trash;
			sourceTree = "<group>";
		};
		17EDBDB521314E74002B17F5 /* Settings */ = {
			isa = PBXGroup;
			children = (
				17EDBDB621314E85002B17F5 /* SettingsViewController.storyboard */,
				17EDBDB821314EFE002B17F5 /* SettingsViewController.swift */,
			);
			path = Settings;
			sourceTree = "<group>";
		};
		48695098213025D400DED227 /* ViewControllers */ = {
			isa = PBXGroup;
			children = (
				17EDBDB521314E74002B17F5 /* Settings */,
				17EDBDB121314DB0002B17F5 /* Trash */,
				486950A421303BD500DED227 /* Completed */,
				486950A321303BB900DED227 /* Notes */,
				4869509E2130262400DED227 /* Home */,
				4869509D2130261000DED227 /* AddScreen */,
			);
			path = ViewControllers;
			sourceTree = "<group>";
		};
		48695099213025DE00DED227 /* Extensions */ = {
			isa = PBXGroup;
			children = (
				4869509F2130266800DED227 /* UIStoryboard.swift */,
				486950A12130279300DED227 /* UIViewController.swift */,
			);
			path = Extensions;
			sourceTree = "<group>";
		};
		4869509A213025E900DED227 /* Frameworks */ = {
			isa = PBXGroup;
			children = (
			);
			path = Frameworks;
			sourceTree = "<group>";
		};
		4869509B213025F900DED227 /* Protocols */ = {
			isa = PBXGroup;
			children = (
			);
			path = Protocols;
			sourceTree = "<group>";
		};
		4869509C2130260000DED227 /* Application */ = {
			isa = PBXGroup;
			children = (
				17E9EDBE212FD9E7007D56CB /* AppDelegate.swift */,
				17E9EDCA212FD9E7007D56CB /* Info.plist */,
				17E9EDC5212FD9E7007D56CB /* Assets.xcassets */,
				17E9EDC7212FD9E7007D56CB /* LaunchScreen.storyboard */,
				1758ED3B21303D0A00618E51 /* Constants.swift */,
			);
			path = Application;
			sourceTree = "<group>";
		};
		4869509D2130261000DED227 /* AddScreen */ = {
			isa = PBXGroup;
			children = (
				48695096212FFFD800DED227 /* AddScreenViewController.swift */,
				48695094212FFF2A00DED227 /* AddScreenViewController.storyboard */,
			);
			path = AddScreen;
			sourceTree = "<group>";
		};
		4869509E2130262400DED227 /* Home */ = {
			isa = PBXGroup;
			children = (
				17E9EDC2212FD9E7007D56CB /* HomeViewController.storyboard */,
				17E9EDC0212FD9E7007D56CB /* HomeTabBarController.swift */,
			);
			path = Home;
			sourceTree = "<group>";
		};
		486950A321303BB900DED227 /* Notes */ = {
			isa = PBXGroup;
			children = (
				486BF2792134367700363775 /* NotesViewController */,
				486BF27A2134369700363775 /* NotesNavigationController */,
			);
			path = Notes;
			sourceTree = "<group>";
		};
		486950A421303BD500DED227 /* Completed */ = {
			isa = PBXGroup;
			children = (
				486950A921303D0500DED227 /* CompletedTasksViewController.storyboard */,
				486950AB21303D1800DED227 /* CompletedTasksViewController.swift */,
			);
			path = Completed;
			sourceTree = "<group>";
		};
		486BF2792134367700363775 /* NotesViewController */ = {
			isa = PBXGroup;
			children = (
				486950A721303CEB00DED227 /* NotesViewController.storyboard */,
				486950A521303CC200DED227 /* NotesViewController.swift */,
			);
			path = NotesViewController;
			sourceTree = "<group>";
		};
		486BF27A2134369700363775 /* NotesNavigationController */ = {
			isa = PBXGroup;
			children = (
				486BF2772134350A00363775 /* NotesNavigationController.storyboard */,
				486BF2752134329700363775 /* NotesNavigationController.swift */,
			);
			path = NotesNavigationController;
			sourceTree = "<group>";
		};
/* End PBXGroup section */

/* Begin PBXNativeTarget section */
		17E9EDBA212FD9E7007D56CB /* NeverNote */ = {
			isa = PBXNativeTarget;
			buildConfigurationList = 17E9EDE3212FD9E8007D56CB /* Build configuration list for PBXNativeTarget "NeverNote" */;
			buildPhases = (
				17E9EDB7212FD9E7007D56CB /* Sources */,
				17E9EDB8212FD9E7007D56CB /* Frameworks */,
				17E9EDB9212FD9E7007D56CB /* Resources */,
			);
			buildRules = (
			);
			dependencies = (
			);
			name = NeverNote;
			productName = NeverNote;
			productReference = 17E9EDBB212FD9E7007D56CB /* NeverNote.app */;
			productType = "com.apple.product-type.application";
		};
		17E9EDCE212FD9E8007D56CB /* NeverNoteTests */ = {
			isa = PBXNativeTarget;
			buildConfigurationList = 17E9EDE6212FD9E8007D56CB /* Build configuration list for PBXNativeTarget "NeverNoteTests" */;
			buildPhases = (
				17E9EDCB212FD9E8007D56CB /* Sources */,
				17E9EDCC212FD9E8007D56CB /* Frameworks */,
				17E9EDCD212FD9E8007D56CB /* Resources */,
			);
			buildRules = (
			);
			dependencies = (
				17E9EDD1212FD9E8007D56CB /* PBXTargetDependency */,
			);
			name = NeverNoteTests;
			productName = NeverNoteTests;
			productReference = 17E9EDCF212FD9E8007D56CB /* NeverNoteTests.xctest */;
			productType = "com.apple.product-type.bundle.unit-test";
		};
		17E9EDD9212FD9E8007D56CB /* NeverNoteUITests */ = {
			isa = PBXNativeTarget;
			buildConfigurationList = 17E9EDE9212FD9E8007D56CB /* Build configuration list for PBXNativeTarget "NeverNoteUITests" */;
			buildPhases = (
				17E9EDD6212FD9E8007D56CB /* Sources */,
				17E9EDD7212FD9E8007D56CB /* Frameworks */,
				17E9EDD8212FD9E8007D56CB /* Resources */,
			);
			buildRules = (
			);
			dependencies = (
				17E9EDDC212FD9E8007D56CB /* PBXTargetDependency */,
			);
			name = NeverNoteUITests;
			productName = NeverNoteUITests;
			productReference = 17E9EDDA212FD9E8007D56CB /* NeverNoteUITests.xctest */;
			productType = "com.apple.product-type.bundle.ui-testing";
		};
/* End PBXNativeTarget section */

/* Begin PBXProject section */
		17E9EDB3212FD9E7007D56CB /* Project object */ = {
			isa = PBXProject;
			attributes = {
				LastSwiftUpdateCheck = 0920;
				LastUpgradeCheck = 0920;
				ORGANIZATIONNAME = Chandana;
				TargetAttributes = {
					17E9EDBA212FD9E7007D56CB = {
						CreatedOnToolsVersion = 9.2;
						ProvisioningStyle = Automatic;
					};
					17E9EDCE212FD9E8007D56CB = {
						CreatedOnToolsVersion = 9.2;
						ProvisioningStyle = Automatic;
						TestTargetID = 17E9EDBA212FD9E7007D56CB;
					};
					17E9EDD9212FD9E8007D56CB = {
						CreatedOnToolsVersion = 9.2;
						ProvisioningStyle = Automatic;
						TestTargetID = 17E9EDBA212FD9E7007D56CB;
					};
				};
			};
			buildConfigurationList = 17E9EDB6212FD9E7007D56CB /* Build configuration list for PBXProject "NeverNote" */;
			compatibilityVersion = "Xcode 8.0";
			developmentRegion = en;
			hasScannedForEncodings = 0;
			knownRegions = (
				en,
				Base,
			);
			mainGroup = 17E9EDB2212FD9E7007D56CB;
			productRefGroup = 17E9EDBC212FD9E7007D56CB /* Products */;
			projectDirPath = "";
			projectRoot = "";
			targets = (
				17E9EDBA212FD9E7007D56CB /* NeverNote */,
				17E9EDCE212FD9E8007D56CB /* NeverNoteTests */,
				17E9EDD9212FD9E8007D56CB /* NeverNoteUITests */,
			);
		};
/* End PBXProject section */

/* Begin PBXResourcesBuildPhase section */
		17E9EDB9212FD9E7007D56CB /* Resources */ = {
			isa = PBXResourcesBuildPhase;
			buildActionMask = 2147483647;
			files = (
				17EDBDB721314E85002B17F5 /* SettingsViewController.storyboard in Resources */,
				48695095212FFF2A00DED227 /* AddScreenViewController.storyboard in Resources */,
				486950AA21303D0500DED227 /* CompletedTasksViewController.storyboard in Resources */,
				17EDBDB021314D92002B17F5 /* TrashViewController.storyboard in Resources */,
				17E9EDC9212FD9E7007D56CB /* LaunchScreen.storyboard in Resources */,
				486950A821303CEB00DED227 /* NotesViewController.storyboard in Resources */,
				17E9EDC6212FD9E7007D56CB /* Assets.xcassets in Resources */,
				486BF2782134350A00363775 /* NotesNavigationController.storyboard in Resources */,
				17E9EDC4212FD9E7007D56CB /* HomeViewController.storyboard in Resources */,
			);
			runOnlyForDeploymentPostprocessing = 0;
		};
		17E9EDCD212FD9E8007D56CB /* Resources */ = {
			isa = PBXResourcesBuildPhase;
			buildActionMask = 2147483647;
			files = (
			);
			runOnlyForDeploymentPostprocessing = 0;
		};
		17E9EDD8212FD9E8007D56CB /* Resources */ = {
			isa = PBXResourcesBuildPhase;
			buildActionMask = 2147483647;
			files = (
			);
			runOnlyForDeploymentPostprocessing = 0;
		};
/* End PBXResourcesBuildPhase section */

/* Begin PBXSourcesBuildPhase section */
		17E9EDB7212FD9E7007D56CB /* Sources */ = {
			isa = PBXSourcesBuildPhase;
			buildActionMask = 2147483647;
			files = (
				17E9EDC1212FD9E7007D56CB /* HomeTabBarController.swift in Sources */,
				17E9EDBF212FD9E7007D56CB /* AppDelegate.swift in Sources */,
				486BF2762134329700363775 /* NotesNavigationController.swift in Sources */,
				48695097212FFFD800DED227 /* AddScreenViewController.swift in Sources */,
				17EDBDB921314EFE002B17F5 /* SettingsViewController.swift in Sources */,
				17EDBDB421314E33002B17F5 /* TrashViewController.swift in Sources */,
				1758ED3C21303D0A00618E51 /* Constants.swift in Sources */,
				486950A02130266800DED227 /* UIStoryboard.swift in Sources */,
				486950AC21303D1800DED227 /* CompletedTasksViewController.swift in Sources */,
				486950A22130279300DED227 /* UIViewController.swift in Sources */,
				486950A621303CC200DED227 /* NotesViewController.swift in Sources */,
			);
			runOnlyForDeploymentPostprocessing = 0;
		};
		17E9EDCB212FD9E8007D56CB /* Sources */ = {
			isa = PBXSourcesBuildPhase;
			buildActionMask = 2147483647;
			files = (
				17E9EDD4212FD9E8007D56CB /* NeverNoteTests.swift in Sources */,
			);
			runOnlyForDeploymentPostprocessing = 0;
		};
		17E9EDD6212FD9E8007D56CB /* Sources */ = {
			isa = PBXSourcesBuildPhase;
			buildActionMask = 2147483647;
			files = (
				17E9EDDF212FD9E8007D56CB /* NeverNoteUITests.swift in Sources */,
			);
			runOnlyForDeploymentPostprocessing = 0;
		};
/* End PBXSourcesBuildPhase section */

/* Begin PBXTargetDependency section */
		17E9EDD1212FD9E8007D56CB /* PBXTargetDependency */ = {
			isa = PBXTargetDependency;
			target = 17E9EDBA212FD9E7007D56CB /* NeverNote */;
			targetProxy = 17E9EDD0212FD9E8007D56CB /* PBXContainerItemProxy */;
		};
		17E9EDDC212FD9E8007D56CB /* PBXTargetDependency */ = {
			isa = PBXTargetDependency;
			target = 17E9EDBA212FD9E7007D56CB /* NeverNote */;
			targetProxy = 17E9EDDB212FD9E8007D56CB /* PBXContainerItemProxy */;
		};
/* End PBXTargetDependency section */

/* Begin PBXVariantGroup section */
		17E9EDC2212FD9E7007D56CB /* HomeViewController.storyboard */ = {
			isa = PBXVariantGroup;
			children = (
				17E9EDC3212FD9E7007D56CB /* Base */,
			);
			name = HomeViewController.storyboard;
			sourceTree = "<group>";
		};
		17E9EDC7212FD9E7007D56CB /* LaunchScreen.storyboard */ = {
			isa = PBXVariantGroup;
			children = (
				17E9EDC8212FD9E7007D56CB /* Base */,
			);
			name = LaunchScreen.storyboard;
			sourceTree = "<group>";
		};
/* End PBXVariantGroup section */

/* Begin XCBuildConfiguration section */
		17E9EDE1212FD9E8007D56CB /* Debug */ = {
			isa = XCBuildConfiguration;
			buildSettings = {
				ALWAYS_SEARCH_USER_PATHS = NO;
				CLANG_ANALYZER_NONNULL = YES;
				CLANG_ANALYZER_NUMBER_OBJECT_CONVERSION = YES_AGGRESSIVE;
				CLANG_CXX_LANGUAGE_STANDARD = "gnu++14";
				CLANG_CXX_LIBRARY = "libc++";
				CLANG_ENABLE_MODULES = YES;
				CLANG_ENABLE_OBJC_ARC = YES;
				CLANG_WARN_BLOCK_CAPTURE_AUTORELEASING = YES;
				CLANG_WARN_BOOL_CONVERSION = YES;
				CLANG_WARN_COMMA = YES;
				CLANG_WARN_CONSTANT_CONVERSION = YES;
				CLANG_WARN_DIRECT_OBJC_ISA_USAGE = YES_ERROR;
				CLANG_WARN_DOCUMENTATION_COMMENTS = YES;
				CLANG_WARN_EMPTY_BODY = YES;
				CLANG_WARN_ENUM_CONVERSION = YES;
				CLANG_WARN_INFINITE_RECURSION = YES;
				CLANG_WARN_INT_CONVERSION = YES;
				CLANG_WARN_NON_LITERAL_NULL_CONVERSION = YES;
				CLANG_WARN_OBJC_LITERAL_CONVERSION = YES;
				CLANG_WARN_OBJC_ROOT_CLASS = YES_ERROR;
				CLANG_WARN_RANGE_LOOP_ANALYSIS = YES;
				CLANG_WARN_STRICT_PROTOTYPES = YES;
				CLANG_WARN_SUSPICIOUS_MOVE = YES;
				CLANG_WARN_UNGUARDED_AVAILABILITY = YES_AGGRESSIVE;
				CLANG_WARN_UNREACHABLE_CODE = YES;
				CLANG_WARN__DUPLICATE_METHOD_MATCH = YES;
				CODE_SIGN_IDENTITY = "iPhone Developer";
				COPY_PHASE_STRIP = NO;
				DEBUG_INFORMATION_FORMAT = dwarf;
				ENABLE_STRICT_OBJC_MSGSEND = YES;
				ENABLE_TESTABILITY = YES;
				GCC_C_LANGUAGE_STANDARD = gnu11;
				GCC_DYNAMIC_NO_PIC = NO;
				GCC_NO_COMMON_BLOCKS = YES;
				GCC_OPTIMIZATION_LEVEL = 0;
				GCC_PREPROCESSOR_DEFINITIONS = (
					"DEBUG=1",
					"$(inherited)",
				);
				GCC_WARN_64_TO_32_BIT_CONVERSION = YES;
				GCC_WARN_ABOUT_RETURN_TYPE = YES_ERROR;
				GCC_WARN_UNDECLARED_SELECTOR = YES;
				GCC_WARN_UNINITIALIZED_AUTOS = YES_AGGRESSIVE;
				GCC_WARN_UNUSED_FUNCTION = YES;
				GCC_WARN_UNUSED_VARIABLE = YES;
				IPHONEOS_DEPLOYMENT_TARGET = 11.2;
				MTL_ENABLE_DEBUG_INFO = YES;
				ONLY_ACTIVE_ARCH = YES;
				SDKROOT = iphoneos;
				SWIFT_ACTIVE_COMPILATION_CONDITIONS = DEBUG;
				SWIFT_OPTIMIZATION_LEVEL = "-Onone";
			};
			name = Debug;
		};
		17E9EDE2212FD9E8007D56CB /* Release */ = {
			isa = XCBuildConfiguration;
			buildSettings = {
				ALWAYS_SEARCH_USER_PATHS = NO;
				CLANG_ANALYZER_NONNULL = YES;
				CLANG_ANALYZER_NUMBER_OBJECT_CONVERSION = YES_AGGRESSIVE;
				CLANG_CXX_LANGUAGE_STANDARD = "gnu++14";
				CLANG_CXX_LIBRARY = "libc++";
				CLANG_ENABLE_MODULES = YES;
				CLANG_ENABLE_OBJC_ARC = YES;
				CLANG_WARN_BLOCK_CAPTURE_AUTORELEASING = YES;
				CLANG_WARN_BOOL_CONVERSION = YES;
				CLANG_WARN_COMMA = YES;
				CLANG_WARN_CONSTANT_CONVERSION = YES;
				CLANG_WARN_DIRECT_OBJC_ISA_USAGE = YES_ERROR;
				CLANG_WARN_DOCUMENTATION_COMMENTS = YES;
				CLANG_WARN_EMPTY_BODY = YES;
				CLANG_WARN_ENUM_CONVERSION = YES;
				CLANG_WARN_INFINITE_RECURSION = YES;
				CLANG_WARN_INT_CONVERSION = YES;
				CLANG_WARN_NON_LITERAL_NULL_CONVERSION = YES;
				CLANG_WARN_OBJC_LITERAL_CONVERSION = YES;
				CLANG_WARN_OBJC_ROOT_CLASS = YES_ERROR;
				CLANG_WARN_RANGE_LOOP_ANALYSIS = YES;
				CLANG_WARN_STRICT_PROTOTYPES = YES;
				CLANG_WARN_SUSPICIOUS_MOVE = YES;
				CLANG_WARN_UNGUARDED_AVAILABILITY = YES_AGGRESSIVE;
				CLANG_WARN_UNREACHABLE_CODE = YES;
				CLANG_WARN__DUPLICATE_METHOD_MATCH = YES;
				CODE_SIGN_IDENTITY = "iPhone Developer";
				COPY_PHASE_STRIP = NO;
				DEBUG_INFORMATION_FORMAT = "dwarf-with-dsym";
				ENABLE_NS_ASSERTIONS = NO;
				ENABLE_STRICT_OBJC_MSGSEND = YES;
				GCC_C_LANGUAGE_STANDARD = gnu11;
				GCC_NO_COMMON_BLOCKS = YES;
				GCC_WARN_64_TO_32_BIT_CONVERSION = YES;
				GCC_WARN_ABOUT_RETURN_TYPE = YES_ERROR;
				GCC_WARN_UNDECLARED_SELECTOR = YES;
				GCC_WARN_UNINITIALIZED_AUTOS = YES_AGGRESSIVE;
				GCC_WARN_UNUSED_FUNCTION = YES;
				GCC_WARN_UNUSED_VARIABLE = YES;
				IPHONEOS_DEPLOYMENT_TARGET = 11.2;
				MTL_ENABLE_DEBUG_INFO = NO;
				SDKROOT = iphoneos;
				SWIFT_OPTIMIZATION_LEVEL = "-Owholemodule";
				VALIDATE_PRODUCT = YES;
			};
			name = Release;
		};
		17E9EDE4212FD9E8007D56CB /* Debug */ = {
			isa = XCBuildConfiguration;
			buildSettings = {
				ASSETCATALOG_COMPILER_APPICON_NAME = AppIcon;
				CODE_SIGN_STYLE = Automatic;
				INFOPLIST_FILE = "$(SRCROOT)/NeverNote/Application/Info.plist";
				LD_RUNPATH_SEARCH_PATHS = "$(inherited) @executable_path/Frameworks";
				PRODUCT_BUNDLE_IDENTIFIER = com.infrrd.kindergarten.NeverNote;
				PRODUCT_NAME = "$(TARGET_NAME)";
				SWIFT_VERSION = 4.0;
				TARGETED_DEVICE_FAMILY = "1,2";
			};
			name = Debug;
		};
		17E9EDE5212FD9E8007D56CB /* Release */ = {
			isa = XCBuildConfiguration;
			buildSettings = {
				ASSETCATALOG_COMPILER_APPICON_NAME = AppIcon;
				CODE_SIGN_STYLE = Automatic;
				INFOPLIST_FILE = "$(SRCROOT)/NeverNote/Application/Info.plist";
				LD_RUNPATH_SEARCH_PATHS = "$(inherited) @executable_path/Frameworks";
				PRODUCT_BUNDLE_IDENTIFIER = com.infrrd.kindergarten.NeverNote;
				PRODUCT_NAME = "$(TARGET_NAME)";
				SWIFT_VERSION = 4.0;
				TARGETED_DEVICE_FAMILY = "1,2";
			};
			name = Release;
		};
		17E9EDE7212FD9E8007D56CB /* Debug */ = {
			isa = XCBuildConfiguration;
			buildSettings = {
				ALWAYS_EMBED_SWIFT_STANDARD_LIBRARIES = YES;
				BUNDLE_LOADER = "$(TEST_HOST)";
				CODE_SIGN_STYLE = Automatic;
				INFOPLIST_FILE = NeverNoteTests/Info.plist;
				LD_RUNPATH_SEARCH_PATHS = "$(inherited) @executable_path/Frameworks @loader_path/Frameworks";
				PRODUCT_BUNDLE_IDENTIFIER = com.infrrd.kindergarten.NeverNoteTests;
				PRODUCT_NAME = "$(TARGET_NAME)";
				SWIFT_VERSION = 4.0;
				TARGETED_DEVICE_FAMILY = "1,2";
				TEST_HOST = "$(BUILT_PRODUCTS_DIR)/NeverNote.app/NeverNote";
			};
			name = Debug;
		};
		17E9EDE8212FD9E8007D56CB /* Release */ = {
			isa = XCBuildConfiguration;
			buildSettings = {
				ALWAYS_EMBED_SWIFT_STANDARD_LIBRARIES = YES;
				BUNDLE_LOADER = "$(TEST_HOST)";
				CODE_SIGN_STYLE = Automatic;
				INFOPLIST_FILE = NeverNoteTests/Info.plist;
				LD_RUNPATH_SEARCH_PATHS = "$(inherited) @executable_path/Frameworks @loader_path/Frameworks";
				PRODUCT_BUNDLE_IDENTIFIER = com.infrrd.kindergarten.NeverNoteTests;
				PRODUCT_NAME = "$(TARGET_NAME)";
				SWIFT_VERSION = 4.0;
				TARGETED_DEVICE_FAMILY = "1,2";
				TEST_HOST = "$(BUILT_PRODUCTS_DIR)/NeverNote.app/NeverNote";
			};
			name = Release;
		};
		17E9EDEA212FD9E8007D56CB /* Debug */ = {
			isa = XCBuildConfiguration;
			buildSettings = {
				ALWAYS_EMBED_SWIFT_STANDARD_LIBRARIES = YES;
				CODE_SIGN_STYLE = Automatic;
				INFOPLIST_FILE = NeverNoteUITests/Info.plist;
				LD_RUNPATH_SEARCH_PATHS = "$(inherited) @executable_path/Frameworks @loader_path/Frameworks";
				PRODUCT_BUNDLE_IDENTIFIER = com.infrrd.kindergarten.NeverNoteUITests;
				PRODUCT_NAME = "$(TARGET_NAME)";
				SWIFT_VERSION = 4.0;
				TARGETED_DEVICE_FAMILY = "1,2";
				TEST_TARGET_NAME = NeverNote;
			};
			name = Debug;
		};
		17E9EDEB212FD9E8007D56CB /* Release */ = {
			isa = XCBuildConfiguration;
			buildSettings = {
				ALWAYS_EMBED_SWIFT_STANDARD_LIBRARIES = YES;
				CODE_SIGN_STYLE = Automatic;
				INFOPLIST_FILE = NeverNoteUITests/Info.plist;
				LD_RUNPATH_SEARCH_PATHS = "$(inherited) @executable_path/Frameworks @loader_path/Frameworks";
				PRODUCT_BUNDLE_IDENTIFIER = com.infrrd.kindergarten.NeverNoteUITests;
				PRODUCT_NAME = "$(TARGET_NAME)";
				SWIFT_VERSION = 4.0;
				TARGETED_DEVICE_FAMILY = "1,2";
				TEST_TARGET_NAME = NeverNote;
			};
			name = Release;
		};
/* End XCBuildConfiguration section */

/* Begin XCConfigurationList section */
		17E9EDB6212FD9E7007D56CB /* Build configuration list for PBXProject "NeverNote" */ = {
			isa = XCConfigurationList;
			buildConfigurations = (
				17E9EDE1212FD9E8007D56CB /* Debug */,
				17E9EDE2212FD9E8007D56CB /* Release */,
			);
			defaultConfigurationIsVisible = 0;
			defaultConfigurationName = Release;
		};
		17E9EDE3212FD9E8007D56CB /* Build configuration list for PBXNativeTarget "NeverNote" */ = {
			isa = XCConfigurationList;
			buildConfigurations = (
				17E9EDE4212FD9E8007D56CB /* Debug */,
				17E9EDE5212FD9E8007D56CB /* Release */,
			);
			defaultConfigurationIsVisible = 0;
			defaultConfigurationName = Release;
		};
		17E9EDE6212FD9E8007D56CB /* Build configuration list for PBXNativeTarget "NeverNoteTests" */ = {
			isa = XCConfigurationList;
			buildConfigurations = (
				17E9EDE7212FD9E8007D56CB /* Debug */,
				17E9EDE8212FD9E8007D56CB /* Release */,
			);
			defaultConfigurationIsVisible = 0;
			defaultConfigurationName = Release;
		};
		17E9EDE9212FD9E8007D56CB /* Build configuration list for PBXNativeTarget "NeverNoteUITests" */ = {
			isa = XCConfigurationList;
			buildConfigurations = (
				17E9EDEA212FD9E8007D56CB /* Debug */,
				17E9EDEB212FD9E8007D56CB /* Release */,
			);
			defaultConfigurationIsVisible = 0;
			defaultConfigurationName = Release;
		};
/* End XCConfigurationList section */
	};
	rootObject = 17E9EDB3212FD9E7007D56CB /* Project object */;
}
